
Microsoft Visual Studio Solution File, Format Version 12.00
# Visual Studio Version 17
VisualStudioVersion = 17.6.33815.320
MinimumVisualStudioVersion = 10.0.40219.1
Project("{FAE04EC0-301F-11D3-BF4B-00C04F79EFBC}") = "DelegateExample", "DelegateExample\DelegateExample.csproj", "{4C4E31F6-94D3-4C16-A373-FFB41007BE1B}"
EndProject
Project("{9A19103F-16F7-4668-BE54-9A1E7A4F7556}") = "MembershipManagement", "MembershipManagement\MembershipManagement.csproj", "{F70D6EBE-D6A5-498F-AF1B-5FC9DCD4E30F}"
EndProject
Project("{9A19103F-16F7-4668-BE54-9A1E7A4F7556}") = "ValidatorApi", "ValidatorApi\ValidatorApi.csproj", "{A6117A63-C03F-442B-8D9C-1CCB4A001643}"
EndProject
Project("{9A19103F-16F7-4668-BE54-9A1E7A4F7556}") = "CoVarianceAndContraVariance", "CoVarianceAndContraVariance\CoVarianceAndContraVariance.csproj", "{43F49DE6-FC59-4E31-AC00-1D76E2C62B8B}"
EndProject
Project("{FAE04EC0-301F-11D3-BF4B-00C04F79EFBC}") = "BuiltInDelegates", "BuiltInDelegates\BuiltInDelegates.csproj", "{C49F9099-A23F-44F9-B4C6-44AB48790815}"
EndProject
Global
	GlobalSection(SolutionConfigurationPlatforms) = preSolution
		Debug|Any CPU = Debug|Any CPU
		Release|Any CPU = Release|Any CPU
	EndGlobalSection
	GlobalSection(ProjectConfigurationPlatforms) = postSolution
		{4C4E31F6-94D3-4C16-A373-FFB41007BE1B}.Debug|Any CPU.ActiveCfg = Debug|Any CPU
		{4C4E31F6-94D3-4C16-A373-FFB41007BE1B}.Debug|Any CPU.Build.0 = Debug|Any CPU
		{4C4E31F6-94D3-4C16-A373-FFB41007BE1B}.Release|Any CPU.ActiveCfg = Release|Any CPU
		{4C4E31F6-94D3-4C16-A373-FFB41007BE1B}.Release|Any CPU.Build.0 = Release|Any CPU
		{F70D6EBE-D6A5-498F-AF1B-5FC9DCD4E30F}.Debug|Any CPU.ActiveCfg = Debug|Any CPU
		{F70D6EBE-D6A5-498F-AF1B-5FC9DCD4E30F}.Debug|Any CPU.Build.0 = Debug|Any CPU
		{F70D6EBE-D6A5-498F-AF1B-5FC9DCD4E30F}.Release|Any CPU.ActiveCfg = Release|Any CPU
		{F70D6EBE-D6A5-498F-AF1B-5FC9DCD4E30F}.Release|Any CPU.Build.0 = Release|Any CPU
		{A6117A63-C03F-442B-8D9C-1CCB4A001643}.Debug|Any CPU.ActiveCfg = Debug|Any CPU
		{A6117A63-C03F-442B-8D9C-1CCB4A001643}.Debug|Any CPU.Build.0 = Debug|Any CPU
		{A6117A63-C03F-442B-8D9C-1CCB4A001643}.Release|Any CPU.ActiveCfg = Release|Any CPU
		{A6117A63-C03F-442B-8D9C-1CCB4A001643}.Release|Any CPU.Build.0 = Release|Any CPU
		{43F49DE6-FC59-4E31-AC00-1D76E2C62B8B}.Debug|Any CPU.ActiveCfg = Debug|Any CPU
		{43F49DE6-FC59-4E31-AC00-1D76E2C62B8B}.Debug|Any CPU.Build.0 = Debug|Any CPU
		{43F49DE6-FC59-4E31-AC00-1D76E2C62B8B}.Release|Any CPU.ActiveCfg = Release|Any CPU
		{43F49DE6-FC59-4E31-AC00-1D76E2C62B8B}.Release|Any CPU.Build.0 = Release|Any CPU
		{C49F9099-A23F-44F9-B4C6-44AB48790815}.Debug|Any CPU.ActiveCfg = Debug|Any CPU
		{C49F9099-A23F-44F9-B4C6-44AB48790815}.Debug|Any CPU.Build.0 = Debug|Any CPU
		{C49F9099-A23F-44F9-B4C6-44AB48790815}.Release|Any CPU.ActiveCfg = Release|Any CPU
		{C49F9099-A23F-44F9-B4C6-44AB48790815}.Release|Any CPU.Build.0 = Release|Any CPU
	EndGlobalSection
	GlobalSection(SolutionProperties) = preSolution
		HideSolutionNode = FALSE
	EndGlobalSection
	GlobalSection(ExtensibilityGlobals) = postSolution
		SolutionGuid = {2517B889-1C11-4E99-A71C-3B994356C02E}
	EndGlobalSection
EndGlobal
